
Microsoft Visual Studio Solution File, Format Version 12.00
# Visual Studio Version 16
VisualStudioVersion = 16.0.31727.386
MinimumVisualStudioVersion = 10.0.40219.1
Project("{FAE04EC0-301F-11D3-BF4B-00C04F79EFBC}") = "SwaggerAPIVer", "SwaggerAPIVer\SwaggerAPIVer.csproj", "{CCE77958-7296-493C-9209-559E7513E728}"
EndProject
Global
	GlobalSection(SolutionConfigurationPlatforms) = preSolution
		Debug|Any CPU = Debug|Any CPU
		Release|Any CPU = Release|Any CPU
	EndGlobalSection
	GlobalSection(ProjectConfigurationPlatforms) = postSolution
		{CCE77958-7296-493C-9209-559E7513E728}.Debug|Any CPU.ActiveCfg = Debug|Any CPU
		{CCE77958-7296-493C-9209-559E7513E728}.Debug|Any CPU.Build.0 = Debug|Any CPU
		{CCE77958-7296-493C-9209-559E7513E728}.Release|Any CPU.ActiveCfg = Release|Any CPU
		{CCE77958-7296-493C-9209-559E7513E728}.Release|Any CPU.Build.0 = Release|Any CPU
	EndGlobalSection
	GlobalSection(SolutionProperties) = preSolution
		HideSolutionNode = FALSE
	EndGlobalSection
	GlobalSection(ExtensibilityGlobals) = postSolution
		SolutionGuid = {C7A5A175-2609-40B2-ABD4-FBCF2F1EEBFB}
	EndGlobalSection
EndGlobal
