
Microsoft Visual Studio Solution File, Format Version 12.00
# Visual Studio Version 16
VisualStudioVersion = 16.0.29613.14
MinimumVisualStudioVersion = 10.0.40219.1
Project("{9A19103F-16F7-4668-BE54-9A1E7A4F7556}") = "ConsulServiceRegister", "ConsulServiceRegister\ConsulServiceRegister.csproj", "{BE12B339-7E42-48D1-8CB4-2C301D12E757}"
EndProject
Project("{FAE04EC0-301F-11D3-BF4B-00C04F79EFBC}") = "ConsulTest", "ConsulTest\ConsulTest.csproj", "{059471E1-5C11-48F8-ADCE-041E035F2C60}"
EndProject
Global
	GlobalSection(SolutionConfigurationPlatforms) = preSolution
		Debug|Any CPU = Debug|Any CPU
		Release|Any CPU = Release|Any CPU
	EndGlobalSection
	GlobalSection(ProjectConfigurationPlatforms) = postSolution
		{BE12B339-7E42-48D1-8CB4-2C301D12E757}.Debug|Any CPU.ActiveCfg = Debug|Any CPU
		{BE12B339-7E42-48D1-8CB4-2C301D12E757}.Debug|Any CPU.Build.0 = Debug|Any CPU
		{BE12B339-7E42-48D1-8CB4-2C301D12E757}.Release|Any CPU.ActiveCfg = Release|Any CPU
		{BE12B339-7E42-48D1-8CB4-2C301D12E757}.Release|Any CPU.Build.0 = Release|Any CPU
		{059471E1-5C11-48F8-ADCE-041E035F2C60}.Debug|Any CPU.ActiveCfg = Debug|Any CPU
		{059471E1-5C11-48F8-ADCE-041E035F2C60}.Debug|Any CPU.Build.0 = Debug|Any CPU
		{059471E1-5C11-48F8-ADCE-041E035F2C60}.Release|Any CPU.ActiveCfg = Release|Any CPU
		{059471E1-5C11-48F8-ADCE-041E035F2C60}.Release|Any CPU.Build.0 = Release|Any CPU
	EndGlobalSection
	GlobalSection(SolutionProperties) = preSolution
		HideSolutionNode = FALSE
	EndGlobalSection
	GlobalSection(ExtensibilityGlobals) = postSolution
		SolutionGuid = {BC7781BA-D470-42D2-9E16-EA4CCF9BAB16}
	EndGlobalSection
EndGlobal
