
Microsoft Visual Studio Solution File, Format Version 12.00
# Visual Studio Version 16
VisualStudioVersion = 16.0.32002.261
MinimumVisualStudioVersion = 10.0.40219.1
Project("{FAE04EC0-301F-11D3-BF4B-00C04F79EFBC}") = "SignalRService", "SignalRService\SignalRService.csproj", "{38F2C394-AF47-4594-A8D5-F17500B25A0F}"
EndProject
Global
	GlobalSection(SolutionConfigurationPlatforms) = preSolution
		Debug|Any CPU = Debug|Any CPU
		Release|Any CPU = Release|Any CPU
	EndGlobalSection
	GlobalSection(ProjectConfigurationPlatforms) = postSolution
		{38F2C394-AF47-4594-A8D5-F17500B25A0F}.Debug|Any CPU.ActiveCfg = Debug|Any CPU
		{38F2C394-AF47-4594-A8D5-F17500B25A0F}.Debug|Any CPU.Build.0 = Debug|Any CPU
		{38F2C394-AF47-4594-A8D5-F17500B25A0F}.Release|Any CPU.ActiveCfg = Release|Any CPU
		{38F2C394-AF47-4594-A8D5-F17500B25A0F}.Release|Any CPU.Build.0 = Release|Any CPU
	EndGlobalSection
	GlobalSection(SolutionProperties) = preSolution
		HideSolutionNode = FALSE
	EndGlobalSection
	GlobalSection(ExtensibilityGlobals) = postSolution
		SolutionGuid = {43E6674A-2416-4F53-BBA2-1B988F233155}
	EndGlobalSection
EndGlobal
