
Microsoft Visual Studio Solution File, Format Version 12.00
# Visual Studio Version 16
VisualStudioVersion = 16.0.29519.181
MinimumVisualStudioVersion = 10.0.40219.1
Project("{9A19103F-16F7-4668-BE54-9A1E7A4F7556}") = "AssertForBiz", "AssertForBiz\AssertForBiz.csproj", "{8871DBC3-F5E5-4165-ABD6-31E7CCCB03A4}"
EndProject
Global
	GlobalSection(SolutionConfigurationPlatforms) = preSolution
		Debug|Any CPU = Debug|Any CPU
		Release|Any CPU = Release|Any CPU
	EndGlobalSection
	GlobalSection(ProjectConfigurationPlatforms) = postSolution
		{8871DBC3-F5E5-4165-ABD6-31E7CCCB03A4}.Debug|Any CPU.ActiveCfg = Debug|Any CPU
		{8871DBC3-F5E5-4165-ABD6-31E7CCCB03A4}.Debug|Any CPU.Build.0 = Debug|Any CPU
		{8871DBC3-F5E5-4165-ABD6-31E7CCCB03A4}.Release|Any CPU.ActiveCfg = Release|Any CPU
		{8871DBC3-F5E5-4165-ABD6-31E7CCCB03A4}.Release|Any CPU.Build.0 = Release|Any CPU
	EndGlobalSection
	GlobalSection(SolutionProperties) = preSolution
		HideSolutionNode = FALSE
	EndGlobalSection
	GlobalSection(ExtensibilityGlobals) = postSolution
		SolutionGuid = {F7A58CEE-4D13-4422-8497-17548EBC3620}
	EndGlobalSection
EndGlobal
