
Microsoft Visual Studio Solution File, Format Version 12.00
# Visual Studio Version 16
VisualStudioVersion = 16.0.29519.181
MinimumVisualStudioVersion = 10.0.40219.1
Project("{FAE04EC0-301F-11D3-BF4B-00C04F79EFBC}") = "PerformanceTesting", "PerformanceTesting\PerformanceTesting.csproj", "{D8FAC988-C35E-47E9-82C2-7B49D525001D}"
EndProject
Global
	GlobalSection(SolutionConfigurationPlatforms) = preSolution
		Debug|Any CPU = Debug|Any CPU
		Release|Any CPU = Release|Any CPU
	EndGlobalSection
	GlobalSection(ProjectConfigurationPlatforms) = postSolution
		{D8FAC988-C35E-47E9-82C2-7B49D525001D}.Debug|Any CPU.ActiveCfg = Debug|Any CPU
		{D8FAC988-C35E-47E9-82C2-7B49D525001D}.Debug|Any CPU.Build.0 = Debug|Any CPU
		{D8FAC988-C35E-47E9-82C2-7B49D525001D}.Release|Any CPU.ActiveCfg = Release|Any CPU
		{D8FAC988-C35E-47E9-82C2-7B49D525001D}.Release|Any CPU.Build.0 = Release|Any CPU
	EndGlobalSection
	GlobalSection(SolutionProperties) = preSolution
		HideSolutionNode = FALSE
	EndGlobalSection
	GlobalSection(ExtensibilityGlobals) = postSolution
		SolutionGuid = {6671778B-C4A9-4600-916A-09DF5EBFAAB2}
	EndGlobalSection
EndGlobal
